
Microsoft Visual Studio Solution File, Format Version 12.00
# Visual Studio Version 16
VisualStudioVersion = 16.0.30128.74
MinimumVisualStudioVersion = 10.0.40219.1
Project("{FAE04EC0-301F-11D3-BF4B-00C04F79EFBC}") = "Test01", "Test01\Test01.csproj", "{B4BACB7E-03D4-4382-8FEB-666418186970}"
EndProject
Project("{FAE04EC0-301F-11D3-BF4B-00C04F79EFBC}") = "SqlUsersElo2", "..\..\..\..\..\Tudásbázis\C#\MySqlUsersElo2\SqlUsersElo2.csproj", "{54BDB9EF-B8EE-44AD-9CDF-01F4FFF6CCA9}"
EndProject
Project("{FAE04EC0-301F-11D3-BF4B-00C04F79EFBC}") = "iktat", "iktat\iktat\iktat.csproj", "{DA6A4863-A9F5-4841-B551-EEF9263ED64A}"
EndProject
Project("{9A19103F-16F7-4668-BE54-9A1E7A4F7556}") = "FelhasznaloiFelulet", "..\..\..\..\..\Tudásbázis\C#\FelhasznaloiFelulet\FelhasznaloiFelulet.csproj", "{68404171-71F8-4A5A-9804-FBA95F7E28F2}"
EndProject
Project("{FAE04EC0-301F-11D3-BF4B-00C04F79EFBC}") = "AutoNyilvantarto", "..\..\..\..\..\Tudásbázis\C#\AutoNyilvantarto\AutoNyilvantarto\AutoNyilvantarto.csproj", "{E86EED11-208B-4885-AEC1-AD70AF018DED}"
EndProject
Project("{FAE04EC0-301F-11D3-BF4B-00C04F79EFBC}") = "File", "..\..\..\..\..\Tudásbázis\C#\File\File.csproj", "{9C86771F-B9BC-4530-B5CF-38640EEB8207}"
EndProject
Project("{FAE04EC0-301F-11D3-BF4B-00C04F79EFBC}") = "Tagdij", "..\..\..\..\..\Tudásbázis\C#\Tagdij\Tagdij\Tagdij.csproj", "{10A76675-EB1C-412C-A86E-FFEBD65403AC}"
EndProject
Project("{FAE04EC0-301F-11D3-BF4B-00C04F79EFBC}") = "MySqlTeszt", "MySqlTeszt\MySqlTeszt.csproj", "{3D6CDDA0-9010-4933-8F27-05FD668D052E}"
EndProject
Project("{9A19103F-16F7-4668-BE54-9A1E7A4F7556}") = "WpfApp1", "WpfApp1\WpfApp1.csproj", "{F66CEA6A-594D-4529-8D6E-16771DE78313}"
EndProject
Project("{9A19103F-16F7-4668-BE54-9A1E7A4F7556}") = "WpfApp2", "WpfApp2\WpfApp2.csproj", "{C38D0D7A-EA15-4346-804D-56909805AC39}"
EndProject
Project("{9A19103F-16F7-4668-BE54-9A1E7A4F7556}") = "Haz", "Haz\Haz.csproj", "{7E7EB403-9AC0-4BBA-8EAF-138BF20F5F2B}"
EndProject
Project("{FAE04EC0-301F-11D3-BF4B-00C04F79EFBC}") = "UnitTestDemo", "UnitTestDemo\UnitTestDemo.csproj", "{766FC4A4-F732-4930-8F7A-90ADBE1CAE6D}"
EndProject
Project("{FAE04EC0-301F-11D3-BF4B-00C04F79EFBC}") = "UnitTestDemoTests", "UnitTestDemoTests\UnitTestDemoTests.csproj", "{AD4FD456-2B94-44A8-B759-9B787AA9A7B0}"
EndProject
Project("{FAE04EC0-301F-11D3-BF4B-00C04F79EFBC}") = "UnitTestDemoTests1", "UnitTestDemoTests1\UnitTestDemoTests1.csproj", "{1DAC2A2F-F732-4AAA-B194-420A8520A949}"
EndProject
Project("{FAE04EC0-301F-11D3-BF4B-00C04F79EFBC}") = "UnitTestDemoTests2", "UnitTestDemoTests2\UnitTestDemoTests2.csproj", "{B700E124-701A-4226-8115-1CC894C97FFB}"
EndProject
Global
	GlobalSection(SolutionConfigurationPlatforms) = preSolution
		Debug|Any CPU = Debug|Any CPU
		Release|Any CPU = Release|Any CPU
	EndGlobalSection
	GlobalSection(ProjectConfigurationPlatforms) = postSolution
		{B4BACB7E-03D4-4382-8FEB-666418186970}.Debug|Any CPU.ActiveCfg = Debug|Any CPU
		{B4BACB7E-03D4-4382-8FEB-666418186970}.Debug|Any CPU.Build.0 = Debug|Any CPU
		{B4BACB7E-03D4-4382-8FEB-666418186970}.Release|Any CPU.ActiveCfg = Release|Any CPU
		{B4BACB7E-03D4-4382-8FEB-666418186970}.Release|Any CPU.Build.0 = Release|Any CPU
		{54BDB9EF-B8EE-44AD-9CDF-01F4FFF6CCA9}.Debug|Any CPU.ActiveCfg = Debug|Any CPU
		{54BDB9EF-B8EE-44AD-9CDF-01F4FFF6CCA9}.Debug|Any CPU.Build.0 = Debug|Any CPU
		{54BDB9EF-B8EE-44AD-9CDF-01F4FFF6CCA9}.Release|Any CPU.ActiveCfg = Release|Any CPU
		{54BDB9EF-B8EE-44AD-9CDF-01F4FFF6CCA9}.Release|Any CPU.Build.0 = Release|Any CPU
		{DA6A4863-A9F5-4841-B551-EEF9263ED64A}.Debug|Any CPU.ActiveCfg = Debug|Any CPU
		{DA6A4863-A9F5-4841-B551-EEF9263ED64A}.Debug|Any CPU.Build.0 = Debug|Any CPU
		{DA6A4863-A9F5-4841-B551-EEF9263ED64A}.Release|Any CPU.ActiveCfg = Release|Any CPU
		{DA6A4863-A9F5-4841-B551-EEF9263ED64A}.Release|Any CPU.Build.0 = Release|Any CPU
		{68404171-71F8-4A5A-9804-FBA95F7E28F2}.Debug|Any CPU.ActiveCfg = Debug|Any CPU
		{68404171-71F8-4A5A-9804-FBA95F7E28F2}.Debug|Any CPU.Build.0 = Debug|Any CPU
		{68404171-71F8-4A5A-9804-FBA95F7E28F2}.Release|Any CPU.ActiveCfg = Release|Any CPU
		{68404171-71F8-4A5A-9804-FBA95F7E28F2}.Release|Any CPU.Build.0 = Release|Any CPU
		{E86EED11-208B-4885-AEC1-AD70AF018DED}.Debug|Any CPU.ActiveCfg = Debug|Any CPU
		{E86EED11-208B-4885-AEC1-AD70AF018DED}.Debug|Any CPU.Build.0 = Debug|Any CPU
		{E86EED11-208B-4885-AEC1-AD70AF018DED}.Release|Any CPU.ActiveCfg = Release|Any CPU
		{E86EED11-208B-4885-AEC1-AD70AF018DED}.Release|Any CPU.Build.0 = Release|Any CPU
		{9C86771F-B9BC-4530-B5CF-38640EEB8207}.Debug|Any CPU.ActiveCfg = Debug|Any CPU
		{9C86771F-B9BC-4530-B5CF-38640EEB8207}.Debug|Any CPU.Build.0 = Debug|Any CPU
		{9C86771F-B9BC-4530-B5CF-38640EEB8207}.Release|Any CPU.ActiveCfg = Release|Any CPU
		{9C86771F-B9BC-4530-B5CF-38640EEB8207}.Release|Any CPU.Build.0 = Release|Any CPU
		{10A76675-EB1C-412C-A86E-FFEBD65403AC}.Debug|Any CPU.ActiveCfg = Debug|Any CPU
		{10A76675-EB1C-412C-A86E-FFEBD65403AC}.Debug|Any CPU.Build.0 = Debug|Any CPU
		{10A76675-EB1C-412C-A86E-FFEBD65403AC}.Release|Any CPU.ActiveCfg = Release|Any CPU
		{10A76675-EB1C-412C-A86E-FFEBD65403AC}.Release|Any CPU.Build.0 = Release|Any CPU
		{3D6CDDA0-9010-4933-8F27-05FD668D052E}.Debug|Any CPU.ActiveCfg = Debug|Any CPU
		{3D6CDDA0-9010-4933-8F27-05FD668D052E}.Debug|Any CPU.Build.0 = Debug|Any CPU
		{3D6CDDA0-9010-4933-8F27-05FD668D052E}.Release|Any CPU.ActiveCfg = Release|Any CPU
		{3D6CDDA0-9010-4933-8F27-05FD668D052E}.Release|Any CPU.Build.0 = Release|Any CPU
		{F66CEA6A-594D-4529-8D6E-16771DE78313}.Debug|Any CPU.ActiveCfg = Debug|Any CPU
		{F66CEA6A-594D-4529-8D6E-16771DE78313}.Debug|Any CPU.Build.0 = Debug|Any CPU
		{F66CEA6A-594D-4529-8D6E-16771DE78313}.Release|Any CPU.ActiveCfg = Release|Any CPU
		{F66CEA6A-594D-4529-8D6E-16771DE78313}.Release|Any CPU.Build.0 = Release|Any CPU
		{C38D0D7A-EA15-4346-804D-56909805AC39}.Debug|Any CPU.ActiveCfg = Debug|Any CPU
		{C38D0D7A-EA15-4346-804D-56909805AC39}.Debug|Any CPU.Build.0 = Debug|Any CPU
		{C38D0D7A-EA15-4346-804D-56909805AC39}.Release|Any CPU.ActiveCfg = Release|Any CPU
		{C38D0D7A-EA15-4346-804D-56909805AC39}.Release|Any CPU.Build.0 = Release|Any CPU
		{7E7EB403-9AC0-4BBA-8EAF-138BF20F5F2B}.Debug|Any CPU.ActiveCfg = Debug|Any CPU
		{7E7EB403-9AC0-4BBA-8EAF-138BF20F5F2B}.Debug|Any CPU.Build.0 = Debug|Any CPU
		{7E7EB403-9AC0-4BBA-8EAF-138BF20F5F2B}.Release|Any CPU.ActiveCfg = Release|Any CPU
		{7E7EB403-9AC0-4BBA-8EAF-138BF20F5F2B}.Release|Any CPU.Build.0 = Release|Any CPU
		{766FC4A4-F732-4930-8F7A-90ADBE1CAE6D}.Debug|Any CPU.ActiveCfg = Debug|Any CPU
		{766FC4A4-F732-4930-8F7A-90ADBE1CAE6D}.Debug|Any CPU.Build.0 = Debug|Any CPU
		{766FC4A4-F732-4930-8F7A-90ADBE1CAE6D}.Release|Any CPU.ActiveCfg = Release|Any CPU
		{766FC4A4-F732-4930-8F7A-90ADBE1CAE6D}.Release|Any CPU.Build.0 = Release|Any CPU
		{AD4FD456-2B94-44A8-B759-9B787AA9A7B0}.Debug|Any CPU.ActiveCfg = Debug|Any CPU
		{AD4FD456-2B94-44A8-B759-9B787AA9A7B0}.Debug|Any CPU.Build.0 = Debug|Any CPU
		{AD4FD456-2B94-44A8-B759-9B787AA9A7B0}.Release|Any CPU.ActiveCfg = Release|Any CPU
		{AD4FD456-2B94-44A8-B759-9B787AA9A7B0}.Release|Any CPU.Build.0 = Release|Any CPU
		{1DAC2A2F-F732-4AAA-B194-420A8520A949}.Debug|Any CPU.ActiveCfg = Debug|Any CPU
		{1DAC2A2F-F732-4AAA-B194-420A8520A949}.Debug|Any CPU.Build.0 = Debug|Any CPU
		{1DAC2A2F-F732-4AAA-B194-420A8520A949}.Release|Any CPU.ActiveCfg = Release|Any CPU
		{1DAC2A2F-F732-4AAA-B194-420A8520A949}.Release|Any CPU.Build.0 = Release|Any CPU
		{B700E124-701A-4226-8115-1CC894C97FFB}.Debug|Any CPU.ActiveCfg = Debug|Any CPU
		{B700E124-701A-4226-8115-1CC894C97FFB}.Debug|Any CPU.Build.0 = Debug|Any CPU
		{B700E124-701A-4226-8115-1CC894C97FFB}.Release|Any CPU.ActiveCfg = Release|Any CPU
		{B700E124-701A-4226-8115-1CC894C97FFB}.Release|Any CPU.Build.0 = Release|Any CPU
	EndGlobalSection
	GlobalSection(SolutionProperties) = preSolution
		HideSolutionNode = FALSE
	EndGlobalSection
	GlobalSection(ExtensibilityGlobals) = postSolution
		SolutionGuid = {30B9D551-AC28-4E12-9F23-4BA8D28AE27F}
	EndGlobalSection
EndGlobal
