
Microsoft Visual Studio Solution File, Format Version 12.00
# Visual Studio Version 16
VisualStudioVersion = 16.0.30128.74
MinimumVisualStudioVersion = 10.0.40219.1
Project("{FAE04EC0-301F-11D3-BF4B-00C04F79EFBC}") = "Test01", "Test01\Test01.csproj", "{B4BACB7E-03D4-4382-8FEB-666418186970}"
EndProject
Project("{FAE04EC0-301F-11D3-BF4B-00C04F79EFBC}") = "SqlUsersElo2", "..\..\..\..\..\Tudásbázis\C#\MySqlUsersElo2\SqlUsersElo2.csproj", "{54BDB9EF-B8EE-44AD-9CDF-01F4FFF6CCA9}"
EndProject
Project("{FAE04EC0-301F-11D3-BF4B-00C04F79EFBC}") = "iktat", "iktat\iktat\iktat.csproj", "{DA6A4863-A9F5-4841-B551-EEF9263ED64A}"
EndProject
Project("{9A19103F-16F7-4668-BE54-9A1E7A4F7556}") = "FelhasznaloiFelulet", "..\..\..\..\..\Tudásbázis\C#\FelhasznaloiFelulet\FelhasznaloiFelulet.csproj", "{68404171-71F8-4A5A-9804-FBA95F7E28F2}"
EndProject
Project("{FAE04EC0-301F-11D3-BF4B-00C04F79EFBC}") = "AutoNyilvantarto", "..\..\..\..\..\Tudásbázis\C#\AutoNyilvantarto\AutoNyilvantarto\AutoNyilvantarto.csproj", "{E86EED11-208B-4885-AEC1-AD70AF018DED}"
EndProject
Project("{FAE04EC0-301F-11D3-BF4B-00C04F79EFBC}") = "File", "..\..\..\..\..\Tudásbázis\C#\File\File.csproj", "{9C86771F-B9BC-4530-B5CF-38640EEB8207}"
EndProject
Project("{FAE04EC0-301F-11D3-BF4B-00C04F79EFBC}") = "Tagdij", "..\..\..\..\..\Tudásbázis\C#\Tagdij\Tagdij\Tagdij.csproj", "{10A76675-EB1C-412C-A86E-FFEBD65403AC}"
EndProject
Project("{FAE04EC0-301F-11D3-BF4B-00C04F79EFBC}") = "MySqlTeszt", "MySqlTeszt\MySqlTeszt.csproj", "{3D6CDDA0-9010-4933-8F27-05FD668D052E}"
EndProject
Global
	GlobalSection(SolutionConfigurationPlatforms) = preSolution
		Debug|Any CPU = Debug|Any CPU
		Release|Any CPU = Release|Any CPU
	EndGlobalSection
	GlobalSection(ProjectConfigurationPlatforms) = postSolution
		{B4BACB7E-03D4-4382-8FEB-666418186970}.Debug|Any CPU.ActiveCfg = Debug|Any CPU
		{B4BACB7E-03D4-4382-8FEB-666418186970}.Debug|Any CPU.Build.0 = Debug|Any CPU
		{B4BACB7E-03D4-4382-8FEB-666418186970}.Release|Any CPU.ActiveCfg = Release|Any CPU
		{B4BACB7E-03D4-4382-8FEB-666418186970}.Release|Any CPU.Build.0 = Release|Any CPU
		{54BDB9EF-B8EE-44AD-9CDF-01F4FFF6CCA9}.Debug|Any CPU.ActiveCfg = Debug|Any CPU
		{54BDB9EF-B8EE-44AD-9CDF-01F4FFF6CCA9}.Debug|Any CPU.Build.0 = Debug|Any CPU
		{54BDB9EF-B8EE-44AD-9CDF-01F4FFF6CCA9}.Release|Any CPU.ActiveCfg = Release|Any CPU
		{54BDB9EF-B8EE-44AD-9CDF-01F4FFF6CCA9}.Release|Any CPU.Build.0 = Release|Any CPU
		{DA6A4863-A9F5-4841-B551-EEF9263ED64A}.Debug|Any CPU.ActiveCfg = Debug|Any CPU
		{DA6A4863-A9F5-4841-B551-EEF9263ED64A}.Debug|Any CPU.Build.0 = Debug|Any CPU
		{DA6A4863-A9F5-4841-B551-EEF9263ED64A}.Release|Any CPU.ActiveCfg = Release|Any CPU
		{DA6A4863-A9F5-4841-B551-EEF9263ED64A}.Release|Any CPU.Build.0 = Release|Any CPU
		{68404171-71F8-4A5A-9804-FBA95F7E28F2}.Debug|Any CPU.ActiveCfg = Debug|Any CPU
		{68404171-71F8-4A5A-9804-FBA95F7E28F2}.Debug|Any CPU.Build.0 = Debug|Any CPU
		{68404171-71F8-4A5A-9804-FBA95F7E28F2}.Release|Any CPU.ActiveCfg = Release|Any CPU
		{68404171-71F8-4A5A-9804-FBA95F7E28F2}.Release|Any CPU.Build.0 = Release|Any CPU
		{E86EED11-208B-4885-AEC1-AD70AF018DED}.Debug|Any CPU.ActiveCfg = Debug|Any CPU
		{E86EED11-208B-4885-AEC1-AD70AF018DED}.Debug|Any CPU.Build.0 = Debug|Any CPU
		{E86EED11-208B-4885-AEC1-AD70AF018DED}.Release|Any CPU.ActiveCfg = Release|Any CPU
		{E86EED11-208B-4885-AEC1-AD70AF018DED}.Release|Any CPU.Build.0 = Release|Any CPU
		{9C86771F-B9BC-4530-B5CF-38640EEB8207}.Debug|Any CPU.ActiveCfg = Debug|Any CPU
		{9C86771F-B9BC-4530-B5CF-38640EEB8207}.Debug|Any CPU.Build.0 = Debug|Any CPU
		{9C86771F-B9BC-4530-B5CF-38640EEB8207}.Release|Any CPU.ActiveCfg = Release|Any CPU
		{9C86771F-B9BC-4530-B5CF-38640EEB8207}.Release|Any CPU.Build.0 = Release|Any CPU
		{10A76675-EB1C-412C-A86E-FFEBD65403AC}.Debug|Any CPU.ActiveCfg = Debug|Any CPU
		{10A76675-EB1C-412C-A86E-FFEBD65403AC}.Debug|Any CPU.Build.0 = Debug|Any CPU
		{10A76675-EB1C-412C-A86E-FFEBD65403AC}.Release|Any CPU.ActiveCfg = Release|Any CPU
		{10A76675-EB1C-412C-A86E-FFEBD65403AC}.Release|Any CPU.Build.0 = Release|Any CPU
		{3D6CDDA0-9010-4933-8F27-05FD668D052E}.Debug|Any CPU.ActiveCfg = Debug|Any CPU
		{3D6CDDA0-9010-4933-8F27-05FD668D052E}.Debug|Any CPU.Build.0 = Debug|Any CPU
		{3D6CDDA0-9010-4933-8F27-05FD668D052E}.Release|Any CPU.ActiveCfg = Release|Any CPU
		{3D6CDDA0-9010-4933-8F27-05FD668D052E}.Release|Any CPU.Build.0 = Release|Any CPU
	EndGlobalSection
	GlobalSection(SolutionProperties) = preSolution
		HideSolutionNode = FALSE
	EndGlobalSection
	GlobalSection(ExtensibilityGlobals) = postSolution
		SolutionGuid = {30B9D551-AC28-4E12-9F23-4BA8D28AE27F}
	EndGlobalSection
EndGlobal
